# This is a Gradle generated file for dependency locking.
# Manual edits can break the build and are not advised.
# This file is expected to be part of source control.
aopalliance:aopalliance:1.0
com.google.gradle:osdetector-gradle-plugin:1.4.0
com.google.guava:guava:18.0
com.google.protobuf:protobuf-gradle-plugin:0.8.10
commons-lang:commons-lang:2.6
javax.annotation:jsr250-api:1.0
javax.enterprise:cdi-api:1.0
javax.inject:javax.inject:1
kr.motd.maven:os-maven-plugin:1.4.0.Final
org.apache.maven:maven-artifact:3.2.1
org.apache.maven:maven-model:3.2.1
org.apache.maven:maven-plugin-api:3.2.1
org.codehaus.plexus:plexus-classworlds:2.4
org.codehaus.plexus:plexus-component-annotations:1.5.5
org.codehaus.plexus:plexus-utils:3.0.17
org.eclipse.sisu:org.eclipse.sisu.inject:0.0.0.M5
org.eclipse.sisu:org.eclipse.sisu.plexus:0.0.0.M5
org.sonatype.sisu:sisu-guice:3.1.0
